<?xml version="1.0" encoding="utf-8"?>
<Project ToolsVersion="4.0" xmlns="http://schemas.microsoft.com/developer/msbuild/2003">
  <ItemGroup>
    <ClCompile Include="src\Camera.cpp">
      <Filter>src</Filter>
    </ClCompile>
    <ClCompile Include="src\main.cpp">
      <Filter>src</Filter>
    </ClCompile>
    <ClCompile Include="src\Mesh.cpp">
      <Filter>src</Filter>
    </ClCompile>
    <ClCompile Include="src\Shader.cpp">
      <Filter>src</Filter>
    </ClCompile>
    <ClCompile Include="src\Texture.cpp">
      <Filter>src</Filter>
    </ClCompile>
    <ClCompile Include="src\Window.cpp">
      <Filter>src</Filter>
    </ClCompile>
    <ClCompile Include="src\Material.cpp">
      <Filter>src</Filter>
    </ClCompile>
    <ClCompile Include="src\DirectionalLight.cpp">
      <Filter>src\Lights</Filter>
    </ClCompile>
    <ClCompile Include="src\Light.cpp">
      <Filter>src\Lights</Filter>
    </ClCompile>
    <ClCompile Include="src\PointLight.cpp">
      <Filter>src\Lights</Filter>
    </ClCompile>
    <ClCompile Include="src\SpotLight.cpp">
      <Filter>src\Lights</Filter>
    </ClCompile>
    <ClCompile Include="src\Model.cpp">
      <Filter>src</Filter>
    </ClCompile>
  </ItemGroup>
  <ItemGroup>
    <ClInclude Include="src\Camera.h">
      <Filter>src</Filter>
    </ClInclude>
    <ClInclude Include="src\Mesh.h">
      <Filter>src</Filter>
    </ClInclude>
    <ClInclude Include="src\Shader.h">
      <Filter>src</Filter>
    </ClInclude>
    <ClInclude Include="src\Texture.h">
      <Filter>src</Filter>
    </ClInclude>
    <ClInclude Include="src\Window.h">
      <Filter>src</Filter>
    </ClInclude>
    <ClInclude Include="src\Material.h">
      <Filter>src</Filter>
    </ClInclude>
    <ClInclude Include="src\CommonValues.h">
      <Filter>src</Filter>
    </ClInclude>
    <ClInclude Include="src\Light.h">
      <Filter>src\Lights</Filter>
    </ClInclude>
    <ClInclude Include="src\DirectionalLight.h">
      <Filter>src\Lights</Filter>
    </ClInclude>
    <ClInclude Include="src\PointLight.h">
      <Filter>src\Lights</Filter>
    </ClInclude>
    <ClInclude Include="src\SpotLight.h">
      <Filter>src\Lights</Filter>
    </ClInclude>
    <ClInclude Include="src\Model.h">
      <Filter>src</Filter>
    </ClInclude>
  </ItemGroup>
  <ItemGroup>
    <Filter Include="src">
      <UniqueIdentifier>{60b9290a-82bb-48bb-b946-7686080529ab}</UniqueIdentifier>
    </Filter>
    <Filter Include="src\Lights">
      <UniqueIdentifier>{1ed1414a-2d06-4be7-814d-f90000670a7f}</UniqueIdentifier>
    </Filter>
  </ItemGroup>
</Project>